
Microsoft Visual Studio Solution File, Format Version 12.00
# Visual Studio Version 16
VisualStudioVersion = 16.0.28407.52
MinimumVisualStudioVersion = 10.0.40219.1
Project("{9A19103F-16F7-4668-BE54-9A1E7A4F7556}") = "InterfaceDemo", "InterfaceDemo\InterfaceDemo.csproj", "{12FD1D19-832D-4F11-9D32-584DFCB6CD6C}"
EndProject
Project("{9A19103F-16F7-4668-BE54-9A1E7A4F7556}") = "IautoDemo", "IautoDemo\IautoDemo.csproj", "{73E63F17-6210-4F8D-A846-C909DE760BDC}"
EndProject
Project("{FAE04EC0-301F-11D3-BF4B-00C04F79EFBC}") = "OperatorOverloading", "OperatorOverloading\OperatorOverloading.csproj", "{E8BF496A-F01E-4E5A-ACDB-273C9C8FB325}"
EndProject
Project("{FAE04EC0-301F-11D3-BF4B-00C04F79EFBC}") = "DelagateDemo", "DelagateDemo\DelagateDemo.csproj", "{E56FD44E-6D2C-454F-B4B1-C043F508A270}"
EndProject
Global
	GlobalSection(SolutionConfigurationPlatforms) = preSolution
		Debug|Any CPU = Debug|Any CPU
		Release|Any CPU = Release|Any CPU
	EndGlobalSection
	GlobalSection(ProjectConfigurationPlatforms) = postSolution
		{12FD1D19-832D-4F11-9D32-584DFCB6CD6C}.Debug|Any CPU.ActiveCfg = Debug|Any CPU
		{12FD1D19-832D-4F11-9D32-584DFCB6CD6C}.Debug|Any CPU.Build.0 = Debug|Any CPU
		{12FD1D19-832D-4F11-9D32-584DFCB6CD6C}.Release|Any CPU.ActiveCfg = Release|Any CPU
		{12FD1D19-832D-4F11-9D32-584DFCB6CD6C}.Release|Any CPU.Build.0 = Release|Any CPU
		{73E63F17-6210-4F8D-A846-C909DE760BDC}.Debug|Any CPU.ActiveCfg = Debug|Any CPU
		{73E63F17-6210-4F8D-A846-C909DE760BDC}.Debug|Any CPU.Build.0 = Debug|Any CPU
		{73E63F17-6210-4F8D-A846-C909DE760BDC}.Release|Any CPU.ActiveCfg = Release|Any CPU
		{73E63F17-6210-4F8D-A846-C909DE760BDC}.Release|Any CPU.Build.0 = Release|Any CPU
		{E8BF496A-F01E-4E5A-ACDB-273C9C8FB325}.Debug|Any CPU.ActiveCfg = Debug|Any CPU
		{E8BF496A-F01E-4E5A-ACDB-273C9C8FB325}.Debug|Any CPU.Build.0 = Debug|Any CPU
		{E8BF496A-F01E-4E5A-ACDB-273C9C8FB325}.Release|Any CPU.ActiveCfg = Release|Any CPU
		{E8BF496A-F01E-4E5A-ACDB-273C9C8FB325}.Release|Any CPU.Build.0 = Release|Any CPU
		{E56FD44E-6D2C-454F-B4B1-C043F508A270}.Debug|Any CPU.ActiveCfg = Debug|Any CPU
		{E56FD44E-6D2C-454F-B4B1-C043F508A270}.Debug|Any CPU.Build.0 = Debug|Any CPU
		{E56FD44E-6D2C-454F-B4B1-C043F508A270}.Release|Any CPU.ActiveCfg = Release|Any CPU
		{E56FD44E-6D2C-454F-B4B1-C043F508A270}.Release|Any CPU.Build.0 = Release|Any CPU
	EndGlobalSection
	GlobalSection(SolutionProperties) = preSolution
		HideSolutionNode = FALSE
	EndGlobalSection
	GlobalSection(ExtensibilityGlobals) = postSolution
		SolutionGuid = {ABE07765-D643-45DC-B289-4A444CAFA4C6}
	EndGlobalSection
EndGlobal
